
Microsoft Visual Studio Solution File, Format Version 12.00
# Visual Studio Version 17
VisualStudioVersion = 17.13.35818.85 d17.13
MinimumVisualStudioVersion = 10.0.40219.1
Project("{FAE04EC0-301F-11D3-BF4B-00C04F79EFBC}") = "tpmodul07_kelompok_05", "tpmodul07_kelompok_05\tpmodul07_kelompok_05.csproj", "{DE304609-4BC6-4110-B26C-14678D220396}"
EndProject
Global
	GlobalSection(SolutionConfigurationPlatforms) = preSolution
		Debug|Any CPU = Debug|Any CPU
		Release|Any CPU = Release|Any CPU
	EndGlobalSection
	GlobalSection(ProjectConfigurationPlatforms) = postSolution
		{DE304609-4BC6-4110-B26C-14678D220396}.Debug|Any CPU.ActiveCfg = Debug|Any CPU
		{DE304609-4BC6-4110-B26C-14678D220396}.Debug|Any CPU.Build.0 = Debug|Any CPU
		{DE304609-4BC6-4110-B26C-14678D220396}.Release|Any CPU.ActiveCfg = Release|Any CPU
		{DE304609-4BC6-4110-B26C-14678D220396}.Release|Any CPU.Build.0 = Release|Any CPU
	EndGlobalSection
	GlobalSection(SolutionProperties) = preSolution
		HideSolutionNode = FALSE
	EndGlobalSection
	GlobalSection(ExtensibilityGlobals) = postSolution
		SolutionGuid = {904716F6-BE19-409F-9178-99CDBA0A0DAE}
	EndGlobalSection
EndGlobal
